// !$*UTF8*$!
{
	archiveVersion = 1;
	classes = {
	};
	objectVersion = 46;
	objects = {

/* Begin PBXBuildFile section */
		282F92D31E9F5DBE00EB8B28 /* SavedMemeVC.swift in Sources */ = {isa = PBXBuildFile; fileRef = 282F92D21E9F5DBE00EB8B28 /* SavedMemeVC.swift */; };
		284D66031EA4567100835FFE /* MemeCollectionViewCell.swift in Sources */ = {isa = PBXBuildFile; fileRef = 284D66021EA4567100835FFE /* MemeCollectionViewCell.swift */; };
		287C0CAB1E8E1ED300578043 /* AppDelegate.swift in Sources */ = {isa = PBXBuildFile; fileRef = 287C0CAA1E8E1ED300578043 /* AppDelegate.swift */; };
		287C0CAD1E8E1ED300578043 /* EditVC.swift in Sources */ = {isa = PBXBuildFile; fileRef = 287C0CAC1E8E1ED300578043 /* EditVC.swift */; };
		287C0CB01E8E1ED300578043 /* Main.storyboard in Resources */ = {isa = PBXBuildFile; fileRef = 287C0CAE1E8E1ED300578043 /* Main.storyboard */; };
		287C0CB21E8E1ED300578043 /* Assets.xcassets in Resources */ = {isa = PBXBuildFile; fileRef = 287C0CB11E8E1ED300578043 /* Assets.xcassets */; };
		287C0CB51E8E1ED300578043 /* LaunchScreen.storyboard in Resources */ = {isa = PBXBuildFile; fileRef = 287C0CB31E8E1ED300578043 /* LaunchScreen.storyboard */; };
		287C0CBD1E8E1F2900578043 /* MemeData.swift in Sources */ = {isa = PBXBuildFile; fileRef = 287C0CBC1E8E1F2900578043 /* MemeData.swift */; };
		28B8829D1E9F431700DAAD70 /* MemeTableVC.swift in Sources */ = {isa = PBXBuildFile; fileRef = 28B8829C1E9F431700DAAD70 /* MemeTableVC.swift */; };
		28B8829F1E9F432B00DAAD70 /* MemeCollectionVC.swift in Sources */ = {isa = PBXBuildFile; fileRef = 28B8829E1E9F432B00DAAD70 /* MemeCollectionVC.swift */; };
		28D4FA781E9112D6008ABADE /* impact.ttf in Resources */ = {isa = PBXBuildFile; fileRef = 28D4FA771E9112D6008ABADE /* impact.ttf */; };
/* End PBXBuildFile section */

/* Begin PBXFileReference section */
		282F92D21E9F5DBE00EB8B28 /* SavedMemeVC.swift */ = {isa = PBXFileReference; fileEncoding = 4; lastKnownFileType = sourcecode.swift; path = SavedMemeVC.swift; sourceTree = "<group>"; };
		284D66021EA4567100835FFE /* MemeCollectionViewCell.swift */ = {isa = PBXFileReference; fileEncoding = 4; lastKnownFileType = sourcecode.swift; path = MemeCollectionViewCell.swift; sourceTree = "<group>"; };
		287C0CA71E8E1ED300578043 /* Meme Me 2.0.app */ = {isa = PBXFileReference; explicitFileType = wrapper.application; includeInIndex = 0; path = "Meme Me 2.0.app"; sourceTree = BUILT_PRODUCTS_DIR; };
		287C0CAA1E8E1ED300578043 /* AppDelegate.swift */ = {isa = PBXFileReference; lastKnownFileType = sourcecode.swift; path = AppDelegate.swift; sourceTree = "<group>"; };
		287C0CAC1E8E1ED300578043 /* EditVC.swift */ = {isa = PBXFileReference; lastKnownFileType = sourcecode.swift; path = EditVC.swift; sourceTree = "<group>"; };
		287C0CAF1E8E1ED300578043 /* Base */ = {isa = PBXFileReference; lastKnownFileType = file.storyboard; name = Base; path = Base.lproj/Main.storyboard; sourceTree = "<group>"; };
		287C0CB11E8E1ED300578043 /* Assets.xcassets */ = {isa = PBXFileReference; lastKnownFileType = folder.assetcatalog; path = Assets.xcassets; sourceTree = "<group>"; };
		287C0CB41E8E1ED300578043 /* Base */ = {isa = PBXFileReference; lastKnownFileType = file.storyboard; name = Base; path = Base.lproj/LaunchScreen.storyboard; sourceTree = "<group>"; };
		287C0CB61E8E1ED300578043 /* Info.plist */ = {isa = PBXFileReference; lastKnownFileType = text.plist.xml; path = Info.plist; sourceTree = "<group>"; };
		287C0CBC1E8E1F2900578043 /* MemeData.swift */ = {isa = PBXFileReference; fileEncoding = 4; lastKnownFileType = sourcecode.swift; path = MemeData.swift; sourceTree = "<group>"; };
		28B8829C1E9F431700DAAD70 /* MemeTableVC.swift */ = {isa = PBXFileReference; fileEncoding = 4; lastKnownFileType = sourcecode.swift; path = MemeTableVC.swift; sourceTree = "<group>"; };
		28B8829E1E9F432B00DAAD70 /* MemeCollectionVC.swift */ = {isa = PBXFileReference; fileEncoding = 4; lastKnownFileType = sourcecode.swift; path = MemeCollectionVC.swift; sourceTree = "<group>"; };
		28D4FA771E9112D6008ABADE /* impact.ttf */ = {isa = PBXFileReference; lastKnownFileType = file; path = impact.ttf; sourceTree = "<group>"; };
/* End PBXFileReference section */

/* Begin PBXFrameworksBuildPhase section */
		287C0CA41E8E1ED300578043 /* Frameworks */ = {
			isa = PBXFrameworksBuildPhase;
			buildActionMask = 2147483647;
			files = (
			);
			runOnlyForDeploymentPostprocessing = 0;
		};
/* End PBXFrameworksBuildPhase section */

/* Begin PBXGroup section */
		284D66221EA471E400835FFE /* Model */ = {
			isa = PBXGroup;
			children = (
				287C0CAA1E8E1ED300578043 /* AppDelegate.swift */,
			);
			name = Model;
			sourceTree = "<group>";
		};
		284D66231EA4720200835FFE /* View */ = {
			isa = PBXGroup;
			children = (
				287C0CAC1E8E1ED300578043 /* EditVC.swift */,
				28B8829C1E9F431700DAAD70 /* MemeTableVC.swift */,
				28B8829E1E9F432B00DAAD70 /* MemeCollectionVC.swift */,
				282F92D21E9F5DBE00EB8B28 /* SavedMemeVC.swift */,
				284D66021EA4567100835FFE /* MemeCollectionViewCell.swift */,
			);
			name = View;
			sourceTree = "<group>";
		};
		287C0C9E1E8E1ED300578043 = {
			isa = PBXGroup;
			children = (
				287C0CA91E8E1ED300578043 /* Meme Me 2.0 */,
				287C0CA81E8E1ED300578043 /* Products */,
			);
			sourceTree = "<group>";
		};
		287C0CA81E8E1ED300578043 /* Products */ = {
			isa = PBXGroup;
			children = (
				287C0CA71E8E1ED300578043 /* Meme Me 2.0.app */,
			);
			name = Products;
			sourceTree = "<group>";
		};
		287C0CA91E8E1ED300578043 /* Meme Me 2.0 */ = {
			isa = PBXGroup;
			children = (
				284D66231EA4720200835FFE /* View */,
				284D66221EA471E400835FFE /* Model */,
				28D4FA771E9112D6008ABADE /* impact.ttf */,
				287C0CBC1E8E1F2900578043 /* MemeData.swift */,
				287C0CAE1E8E1ED300578043 /* Main.storyboard */,
				287C0CB11E8E1ED300578043 /* Assets.xcassets */,
				287C0CB31E8E1ED300578043 /* LaunchScreen.storyboard */,
				287C0CB61E8E1ED300578043 /* Info.plist */,
			);
			path = "Meme Me 2.0";
			sourceTree = "<group>";
		};
/* End PBXGroup section */

/* Begin PBXNativeTarget section */
		287C0CA61E8E1ED300578043 /* Meme Me 2.0 */ = {
			isa = PBXNativeTarget;
			buildConfigurationList = 287C0CB91E8E1ED300578043 /* Build configuration list for PBXNativeTarget "Meme Me 2.0" */;
			buildPhases = (
				287C0CA31E8E1ED300578043 /* Sources */,
				287C0CA41E8E1ED300578043 /* Frameworks */,
				287C0CA51E8E1ED300578043 /* Resources */,
			);
			buildRules = (
			);
			dependencies = (
			);
			name = "Meme Me 2.0";
			productName = "Meme Me 2.0";
			productReference = 287C0CA71E8E1ED300578043 /* Meme Me 2.0.app */;
			productType = "com.apple.product-type.application";
		};
/* End PBXNativeTarget section */

/* Begin PBXProject section */
		287C0C9F1E8E1ED300578043 /* Project object */ = {
			isa = PBXProject;
			attributes = {
				LastSwiftUpdateCheck = 0820;
				LastUpgradeCheck = 0820;
				ORGANIZATIONNAME = "Markus Staas";
				TargetAttributes = {
					287C0CA61E8E1ED300578043 = {
						CreatedOnToolsVersion = 8.2.1;
						DevelopmentTeam = 5552KJHMG4;
						ProvisioningStyle = Automatic;
					};
				};
			};
			buildConfigurationList = 287C0CA21E8E1ED300578043 /* Build configuration list for PBXProject "Meme Me 2.0" */;
			compatibilityVersion = "Xcode 3.2";
			developmentRegion = English;
			hasScannedForEncodings = 0;
			knownRegions = (
				en,
				Base,
			);
			mainGroup = 287C0C9E1E8E1ED300578043;
			productRefGroup = 287C0CA81E8E1ED300578043 /* Products */;
			projectDirPath = "";
			projectRoot = "";
			targets = (
				287C0CA61E8E1ED300578043 /* Meme Me 2.0 */,
			);
		};
/* End PBXProject section */

/* Begin PBXResourcesBuildPhase section */
		287C0CA51E8E1ED300578043 /* Resources */ = {
			isa = PBXResourcesBuildPhase;
			buildActionMask = 2147483647;
			files = (
				28D4FA781E9112D6008ABADE /* impact.ttf in Resources */,
				287C0CB51E8E1ED300578043 /* LaunchScreen.storyboard in Resources */,
				287C0CB21E8E1ED300578043 /* Assets.xcassets in Resources */,
				287C0CB01E8E1ED300578043 /* Main.storyboard in Resources */,
			);
			runOnlyForDeploymentPostprocessing = 0;
		};
/* End PBXResourcesBuildPhase section */

/* Begin PBXSourcesBuildPhase section */
		287C0CA31E8E1ED300578043 /* Sources */ = {
			isa = PBXSourcesBuildPhase;
			buildActionMask = 2147483647;
			files = (
				282F92D31E9F5DBE00EB8B28 /* SavedMemeVC.swift in Sources */,
				287C0CAD1E8E1ED300578043 /* EditVC.swift in Sources */,
				28B8829D1E9F431700DAAD70 /* MemeTableVC.swift in Sources */,
				28B8829F1E9F432B00DAAD70 /* MemeCollectionVC.swift in Sources */,
				284D66031EA4567100835FFE /* MemeCollectionViewCell.swift in Sources */,
				287C0CBD1E8E1F2900578043 /* MemeData.swift in Sources */,
				287C0CAB1E8E1ED300578043 /* AppDelegate.swift in Sources */,
			);
			runOnlyForDeploymentPostprocessing = 0;
		};
/* End PBXSourcesBuildPhase section */

/* Begin PBXVariantGroup section */
		287C0CAE1E8E1ED300578043 /* Main.storyboard */ = {
			isa = PBXVariantGroup;
			children = (
				287C0CAF1E8E1ED300578043 /* Base */,
			);
			name = Main.storyboard;
			sourceTree = "<group>";
		};
		287C0CB31E8E1ED300578043 /* LaunchScreen.storyboard */ = {
			isa = PBXVariantGroup;
			children = (
				287C0CB41E8E1ED300578043 /* Base */,
			);
			name = LaunchScreen.storyboard;
			sourceTree = "<group>";
		};
/* End PBXVariantGroup section */

/* Begin XCBuildConfiguration section */
		287C0CB71E8E1ED300578043 /* Debug */ = {
			isa = XCBuildConfiguration;
			buildSettings = {
				ALWAYS_SEARCH_USER_PATHS = NO;
				CLANG_ANALYZER_NONNULL = YES;
				CLANG_CXX_LANGUAGE_STANDARD = "gnu++0x";
				CLANG_CXX_LIBRARY = "libc++";
				CLANG_ENABLE_MODULES = YES;
				CLANG_ENABLE_OBJC_ARC = YES;
				CLANG_WARN_BOOL_CONVERSION = YES;
				CLANG_WARN_CONSTANT_CONVERSION = YES;
				CLANG_WARN_DIRECT_OBJC_ISA_USAGE = YES_ERROR;
				CLANG_WARN_DOCUMENTATION_COMMENTS = YES;
				CLANG_WARN_EMPTY_BODY = YES;
				CLANG_WARN_ENUM_CONVERSION = YES;
				CLANG_WARN_INFINITE_RECURSION = YES;
				CLANG_WARN_INT_CONVERSION = YES;
				CLANG_WARN_OBJC_ROOT_CLASS = YES_ERROR;
				CLANG_WARN_SUSPICIOUS_MOVE = YES;
				CLANG_WARN_UNREACHABLE_CODE = YES;
				CLANG_WARN__DUPLICATE_METHOD_MATCH = YES;
				"CODE_SIGN_IDENTITY[sdk=iphoneos*]" = "iPhone Developer";
				COPY_PHASE_STRIP = NO;
				DEBUG_INFORMATION_FORMAT = dwarf;
				ENABLE_STRICT_OBJC_MSGSEND = YES;
				ENABLE_TESTABILITY = YES;
				GCC_C_LANGUAGE_STANDARD = gnu99;
				GCC_DYNAMIC_NO_PIC = NO;
				GCC_NO_COMMON_BLOCKS = YES;
				GCC_OPTIMIZATION_LEVEL = 0;
				GCC_PREPROCESSOR_DEFINITIONS = (
					"DEBUG=1",
					"$(inherited)",
				);
				GCC_WARN_64_TO_32_BIT_CONVERSION = YES;
				GCC_WARN_ABOUT_RETURN_TYPE = YES_ERROR;
				GCC_WARN_UNDECLARED_SELECTOR = YES;
				GCC_WARN_UNINITIALIZED_AUTOS = YES_AGGRESSIVE;
				GCC_WARN_UNUSED_FUNCTION = YES;
				GCC_WARN_UNUSED_VARIABLE = YES;
				IPHONEOS_DEPLOYMENT_TARGET = 10.2;
				MTL_ENABLE_DEBUG_INFO = YES;
				ONLY_ACTIVE_ARCH = YES;
				SDKROOT = iphoneos;
				SWIFT_ACTIVE_COMPILATION_CONDITIONS = DEBUG;
				SWIFT_OPTIMIZATION_LEVEL = "-Onone";
				TARGETED_DEVICE_FAMILY = "1,2";
			};
			name = Debug;
		};
		287C0CB81E8E1ED300578043 /* Release */ = {
			isa = XCBuildConfiguration;
			buildSettings = {
				ALWAYS_SEARCH_USER_PATHS = NO;
				CLANG_ANALYZER_NONNULL = YES;
				CLANG_CXX_LANGUAGE_STANDARD = "gnu++0x";
				CLANG_CXX_LIBRARY = "libc++";
				CLANG_ENABLE_MODULES = YES;
				CLANG_ENABLE_OBJC_ARC = YES;
				CLANG_WARN_BOOL_CONVERSION = YES;
				CLANG_WARN_CONSTANT_CONVERSION = YES;
				CLANG_WARN_DIRECT_OBJC_ISA_USAGE = YES_ERROR;
				CLANG_WARN_DOCUMENTATION_COMMENTS = YES;
				CLANG_WARN_EMPTY_BODY = YES;
				CLANG_WARN_ENUM_CONVERSION = YES;
				CLANG_WARN_INFINITE_RECURSION = YES;
				CLANG_WARN_INT_CONVERSION = YES;
				CLANG_WARN_OBJC_ROOT_CLASS = YES_ERROR;
				CLANG_WARN_SUSPICIOUS_MOVE = YES;
				CLANG_WARN_UNREACHABLE_CODE = YES;
				CLANG_WARN__DUPLICATE_METHOD_MATCH = YES;
				"CODE_SIGN_IDENTITY[sdk=iphoneos*]" = "iPhone Developer";
				COPY_PHASE_STRIP = NO;
				DEBUG_INFORMATION_FORMAT = "dwarf-with-dsym";
				ENABLE_NS_ASSERTIONS = NO;
				ENABLE_STRICT_OBJC_MSGSEND = YES;
				GCC_C_LANGUAGE_STANDARD = gnu99;
				GCC_NO_COMMON_BLOCKS = YES;
				GCC_WARN_64_TO_32_BIT_CONVERSION = YES;
				GCC_WARN_ABOUT_RETURN_TYPE = YES_ERROR;
				GCC_WARN_UNDECLARED_SELECTOR = YES;
				GCC_WARN_UNINITIALIZED_AUTOS = YES_AGGRESSIVE;
				GCC_WARN_UNUSED_FUNCTION = YES;
				GCC_WARN_UNUSED_VARIABLE = YES;
				IPHONEOS_DEPLOYMENT_TARGET = 10.2;
				MTL_ENABLE_DEBUG_INFO = NO;
				SDKROOT = iphoneos;
				SWIFT_OPTIMIZATION_LEVEL = "-Owholemodule";
				TARGETED_DEVICE_FAMILY = "1,2";
				VALIDATE_PRODUCT = YES;
			};
			name = Release;
		};
		287C0CBA1E8E1ED300578043 /* Debug */ = {
			isa = XCBuildConfiguration;
			buildSettings = {
				ASSETCATALOG_COMPILER_APPICON_NAME = AppIcon;
				DEVELOPMENT_TEAM = 5552KJHMG4;
				INFOPLIST_FILE = "Meme Me 2.0/Info.plist";
				LD_RUNPATH_SEARCH_PATHS = "$(inherited) @executable_path/Frameworks";
				PRODUCT_BUNDLE_IDENTIFIER = "starkusmaas.Meme-Me-2-0";
				PRODUCT_NAME = "$(TARGET_NAME)";
				SWIFT_VERSION = 3.0;
			};
			name = Debug;
		};
		287C0CBB1E8E1ED300578043 /* Release */ = {
			isa = XCBuildConfiguration;
			buildSettings = {
				ASSETCATALOG_COMPILER_APPICON_NAME = AppIcon;
				DEVELOPMENT_TEAM = 5552KJHMG4;
				INFOPLIST_FILE = "Meme Me 2.0/Info.plist";
				LD_RUNPATH_SEARCH_PATHS = "$(inherited) @executable_path/Frameworks";
				PRODUCT_BUNDLE_IDENTIFIER = "starkusmaas.Meme-Me-2-0";
				PRODUCT_NAME = "$(TARGET_NAME)";
				SWIFT_VERSION = 3.0;
			};
			name = Release;
		};
/* End XCBuildConfiguration section */

/* Begin XCConfigurationList section */
		287C0CA21E8E1ED300578043 /* Build configuration list for PBXProject "Meme Me 2.0" */ = {
			isa = XCConfigurationList;
			buildConfigurations = (
				287C0CB71E8E1ED300578043 /* Debug */,
				287C0CB81E8E1ED300578043 /* Release */,
			);
			defaultConfigurationIsVisible = 0;
			defaultConfigurationName = Release;
		};
		287C0CB91E8E1ED300578043 /* Build configuration list for PBXNativeTarget "Meme Me 2.0" */ = {
			isa = XCConfigurationList;
			buildConfigurations = (
				287C0CBA1E8E1ED300578043 /* Debug */,
				287C0CBB1E8E1ED300578043 /* Release */,
			);
			defaultConfigurationIsVisible = 0;
			defaultConfigurationName = Release;
		};
/* End XCConfigurationList section */
	};
	rootObject = 287C0C9F1E8E1ED300578043 /* Project object */;
}
